// !$*UTF8*$!
{
	archiveVersion = 1;
	classes = {
	};
	objectVersion = 56;
	objects = {

/* Begin PBXBuildFile section */
		DF1C9F8B2AF5544800A76BE5 /* RemoveDuplicatesFromSortedArray.cpp in Sources */ = {isa = PBXBuildFile; fileRef = DF1C9F892AF5544800A76BE5 /* RemoveDuplicatesFromSortedArray.cpp */; };
		DF1C9F8C2AFC41EB00A76BE5 /* ValidParantheses.hpp in Sources */ = {isa = PBXBuildFile; fileRef = DF870B0C2AF33E9E001A9589 /* ValidParantheses.hpp */; };
		DF1C9F8D2AFC41EB00A76BE5 /* RemoveDuplicatesFromSortedArray.hpp in Sources */ = {isa = PBXBuildFile; fileRef = DF1C9F8A2AF5544800A76BE5 /* RemoveDuplicatesFromSortedArray.hpp */; };
		DF43C5272AF1238A008B815B /* RomanToInteger.hpp in Sources */ = {isa = PBXBuildFile; fileRef = DF43C5232AF10178008B815B /* RomanToInteger.hpp */; };
		DF43C5282AF1238A008B815B /* LongestCommonPrefix.hpp in Sources */ = {isa = PBXBuildFile; fileRef = DF43C5242AF10501008B815B /* LongestCommonPrefix.hpp */; };
		DF43C5292AF1238A008B815B /* TwoSum.hpp in Sources */ = {isa = PBXBuildFile; fileRef = DF43C5252AF10FF2008B815B /* TwoSum.hpp */; };
		DF43C52A2AF1238A008B815B /* PalindromeNumber.hpp in Sources */ = {isa = PBXBuildFile; fileRef = DF43C5262AF11712008B815B /* PalindromeNumber.hpp */; };
		DF870B0D2AF33E9E001A9589 /* ValidParantheses.cpp in Sources */ = {isa = PBXBuildFile; fileRef = DF870B0B2AF33E9E001A9589 /* ValidParantheses.cpp */; };
		DFB236B62AF09A7700B4A835 /* LongestCommonPrefix.cpp in Sources */ = {isa = PBXBuildFile; fileRef = DFB236B52AF09A7700B4A835 /* LongestCommonPrefix.cpp */; };
		DFB236BE2AF09B9900B4A835 /* PalindromeNumber.cpp in Sources */ = {isa = PBXBuildFile; fileRef = DFB236BC2AF09B9900B4A835 /* PalindromeNumber.cpp */; };
		DFB236C02AF09C1500B4A835 /* RomanToInteger.cpp in Sources */ = {isa = PBXBuildFile; fileRef = DFB236BF2AF09C1500B4A835 /* RomanToInteger.cpp */; };
		DFB236C32AF09C9D00B4A835 /* TwoSum.cpp in Sources */ = {isa = PBXBuildFile; fileRef = DFB236C12AF09C9D00B4A835 /* TwoSum.cpp */; };
		DFB236C52AF0A34600B4A835 /* main.cpp in Sources */ = {isa = PBXBuildFile; fileRef = DFB236C42AF0A34600B4A835 /* main.cpp */; };
/* End PBXBuildFile section */

/* Begin PBXCopyFilesBuildPhase section */
		DFB236B02AF09A7700B4A835 /* CopyFiles */ = {
			isa = PBXCopyFilesBuildPhase;
			buildActionMask = 2147483647;
			dstPath = /usr/share/man/man1/;
			dstSubfolderSpec = 0;
			files = (
			);
			runOnlyForDeploymentPostprocessing = 1;
		};
/* End PBXCopyFilesBuildPhase section */

/* Begin PBXFileReference section */
		DF1C9F892AF5544800A76BE5 /* RemoveDuplicatesFromSortedArray.cpp */ = {isa = PBXFileReference; lastKnownFileType = sourcecode.cpp.cpp; path = RemoveDuplicatesFromSortedArray.cpp; sourceTree = "<group>"; };
		DF1C9F8A2AF5544800A76BE5 /* RemoveDuplicatesFromSortedArray.hpp */ = {isa = PBXFileReference; lastKnownFileType = sourcecode.cpp.h; path = RemoveDuplicatesFromSortedArray.hpp; sourceTree = "<group>"; };
		DF43C5232AF10178008B815B /* RomanToInteger.hpp */ = {isa = PBXFileReference; lastKnownFileType = sourcecode.cpp.h; path = RomanToInteger.hpp; sourceTree = "<group>"; };
		DF43C5242AF10501008B815B /* LongestCommonPrefix.hpp */ = {isa = PBXFileReference; lastKnownFileType = sourcecode.cpp.h; path = LongestCommonPrefix.hpp; sourceTree = "<group>"; };
		DF43C5252AF10FF2008B815B /* TwoSum.hpp */ = {isa = PBXFileReference; lastKnownFileType = sourcecode.cpp.h; path = TwoSum.hpp; sourceTree = "<group>"; };
		DF43C5262AF11712008B815B /* PalindromeNumber.hpp */ = {isa = PBXFileReference; lastKnownFileType = sourcecode.cpp.h; path = PalindromeNumber.hpp; sourceTree = "<group>"; };
		DF6B61F02CE3C4B000DA6130 /* LeetCode.hpp */ = {isa = PBXFileReference; lastKnownFileType = sourcecode.cpp.h; path = LeetCode.hpp; sourceTree = "<group>"; };
		DF870B0B2AF33E9E001A9589 /* ValidParantheses.cpp */ = {isa = PBXFileReference; lastKnownFileType = sourcecode.cpp.cpp; path = ValidParantheses.cpp; sourceTree = "<group>"; };
		DF870B0C2AF33E9E001A9589 /* ValidParantheses.hpp */ = {isa = PBXFileReference; lastKnownFileType = sourcecode.cpp.h; path = ValidParantheses.hpp; sourceTree = "<group>"; };
		DFB236B22AF09A7700B4A835 /* LeetCode */ = {isa = PBXFileReference; explicitFileType = "compiled.mach-o.executable"; includeInIndex = 0; path = LeetCode; sourceTree = BUILT_PRODUCTS_DIR; };
		DFB236B52AF09A7700B4A835 /* LongestCommonPrefix.cpp */ = {isa = PBXFileReference; lastKnownFileType = sourcecode.cpp.cpp; path = LongestCommonPrefix.cpp; sourceTree = "<group>"; };
		DFB236BC2AF09B9900B4A835 /* PalindromeNumber.cpp */ = {isa = PBXFileReference; lastKnownFileType = sourcecode.cpp.cpp; path = PalindromeNumber.cpp; sourceTree = "<group>"; };
		DFB236BF2AF09C1500B4A835 /* RomanToInteger.cpp */ = {isa = PBXFileReference; lastKnownFileType = sourcecode.cpp.cpp; path = RomanToInteger.cpp; sourceTree = "<group>"; };
		DFB236C12AF09C9D00B4A835 /* TwoSum.cpp */ = {isa = PBXFileReference; lastKnownFileType = sourcecode.cpp.cpp; path = TwoSum.cpp; sourceTree = "<group>"; };
		DFB236C42AF0A34600B4A835 /* main.cpp */ = {isa = PBXFileReference; lastKnownFileType = sourcecode.cpp.cpp; path = main.cpp; sourceTree = "<group>"; };
/* End PBXFileReference section */

/* Begin PBXFrameworksBuildPhase section */
		DFB236AF2AF09A7700B4A835 /* Frameworks */ = {
			isa = PBXFrameworksBuildPhase;
			buildActionMask = 2147483647;
			files = (
			);
			runOnlyForDeploymentPostprocessing = 0;
		};
/* End PBXFrameworksBuildPhase section */

/* Begin PBXGroup section */
		DF6B61F12CE3C4D700DA6130 /* RomanToInteger */ = {
			isa = PBXGroup;
			children = (
				DFB236BF2AF09C1500B4A835 /* RomanToInteger.cpp */,
				DF43C5232AF10178008B815B /* RomanToInteger.hpp */,
			);
			path = RomanToInteger;
			sourceTree = "<group>";
		};
		DF6B61F22CE3C4EE00DA6130 /* LongestCommonPrefix */ = {
			isa = PBXGroup;
			children = (
				DFB236B52AF09A7700B4A835 /* LongestCommonPrefix.cpp */,
				DF43C5242AF10501008B815B /* LongestCommonPrefix.hpp */,
			);
			path = LongestCommonPrefix;
			sourceTree = "<group>";
		};
		DF6B61F32CE3C50400DA6130 /* TwoSum */ = {
			isa = PBXGroup;
			children = (
				DFB236C12AF09C9D00B4A835 /* TwoSum.cpp */,
				DF43C5252AF10FF2008B815B /* TwoSum.hpp */,
			);
			path = TwoSum;
			sourceTree = "<group>";
		};
		DF6B61F42CE3C51800DA6130 /* PalindromeNumber */ = {
			isa = PBXGroup;
			children = (
				DFB236BC2AF09B9900B4A835 /* PalindromeNumber.cpp */,
				DF43C5262AF11712008B815B /* PalindromeNumber.hpp */,
			);
			path = PalindromeNumber;
			sourceTree = "<group>";
		};
		DF6B61F52CE3C53700DA6130 /* ValidParantheses */ = {
			isa = PBXGroup;
			children = (
				DF870B0B2AF33E9E001A9589 /* ValidParantheses.cpp */,
				DF870B0C2AF33E9E001A9589 /* ValidParantheses.hpp */,
			);
			path = ValidParantheses;
			sourceTree = "<group>";
		};
		DF6B61F62CE3C56000DA6130 /* RemoveDuplicatesFromSortedArray */ = {
			isa = PBXGroup;
			children = (
				DF1C9F892AF5544800A76BE5 /* RemoveDuplicatesFromSortedArray.cpp */,
				DF1C9F8A2AF5544800A76BE5 /* RemoveDuplicatesFromSortedArray.hpp */,
			);
			path = RemoveDuplicatesFromSortedArray;
			sourceTree = "<group>";
		};
		DFB236A92AF09A7700B4A835 = {
			isa = PBXGroup;
			children = (
				DFB236C42AF0A34600B4A835 /* main.cpp */,
				DFB236B42AF09A7700B4A835 /* LeetCode */,
				DFB236B32AF09A7700B4A835 /* Products */,
			);
			sourceTree = "<group>";
		};
		DFB236B32AF09A7700B4A835 /* Products */ = {
			isa = PBXGroup;
			children = (
				DFB236B22AF09A7700B4A835 /* LeetCode */,
			);
			name = Products;
			sourceTree = "<group>";
		};
		DFB236B42AF09A7700B4A835 /* LeetCode */ = {
			isa = PBXGroup;
			children = (
				DF6B61F02CE3C4B000DA6130 /* LeetCode.hpp */,
				DF6B61F12CE3C4D700DA6130 /* RomanToInteger */,
				DF6B61F22CE3C4EE00DA6130 /* LongestCommonPrefix */,
				DF6B61F32CE3C50400DA6130 /* TwoSum */,
				DF6B61F42CE3C51800DA6130 /* PalindromeNumber */,
				DF6B61F52CE3C53700DA6130 /* ValidParantheses */,
				DF6B61F62CE3C56000DA6130 /* RemoveDuplicatesFromSortedArray */,
			);
			path = LeetCode;
			sourceTree = "<group>";
		};
/* End PBXGroup section */

/* Begin PBXNativeTarget section */
		DFB236B12AF09A7700B4A835 /* LeetCode */ = {
			isa = PBXNativeTarget;
			buildConfigurationList = DFB236B92AF09A7700B4A835 /* Build configuration list for PBXNativeTarget "LeetCode" */;
			buildPhases = (
				DFB236AE2AF09A7700B4A835 /* Sources */,
				DFB236AF2AF09A7700B4A835 /* Frameworks */,
				DFB236B02AF09A7700B4A835 /* CopyFiles */,
			);
			buildRules = (
			);
			dependencies = (
			);
			name = LeetCode;
			productName = LeetCode;
			productReference = DFB236B22AF09A7700B4A835 /* LeetCode */;
			productType = "com.apple.product-type.tool";
		};
/* End PBXNativeTarget section */

/* Begin PBXProject section */
		DFB236AA2AF09A7700B4A835 /* Project object */ = {
			isa = PBXProject;
			attributes = {
				BuildIndependentTargetsInParallel = 1;
				LastUpgradeCheck = 1610;
				TargetAttributes = {
					DFB236B12AF09A7700B4A835 = {
						CreatedOnToolsVersion = 15.0;
					};
				};
			};
			buildConfigurationList = DFB236AD2AF09A7700B4A835 /* Build configuration list for PBXProject "LeetCode" */;
			compatibilityVersion = "Xcode 14.0";
			developmentRegion = en;
			hasScannedForEncodings = 0;
			knownRegions = (
				en,
				Base,
			);
			mainGroup = DFB236A92AF09A7700B4A835;
			productRefGroup = DFB236B32AF09A7700B4A835 /* Products */;
			projectDirPath = "";
			projectRoot = "";
			targets = (
				DFB236B12AF09A7700B4A835 /* LeetCode */,
			);
		};
/* End PBXProject section */

/* Begin PBXSourcesBuildPhase section */
		DFB236AE2AF09A7700B4A835 /* Sources */ = {
			isa = PBXSourcesBuildPhase;
			buildActionMask = 2147483647;
			files = (
				DFB236C52AF0A34600B4A835 /* main.cpp in Sources */,
				DFB236C02AF09C1500B4A835 /* RomanToInteger.cpp in Sources */,
				DF43C5272AF1238A008B815B /* RomanToInteger.hpp in Sources */,
				DFB236B62AF09A7700B4A835 /* LongestCommonPrefix.cpp in Sources */,
				DF43C5282AF1238A008B815B /* LongestCommonPrefix.hpp in Sources */,
				DFB236C32AF09C9D00B4A835 /* TwoSum.cpp in Sources */,
				DF43C5292AF1238A008B815B /* TwoSum.hpp in Sources */,
				DFB236BE2AF09B9900B4A835 /* PalindromeNumber.cpp in Sources */,
				DF43C52A2AF1238A008B815B /* PalindromeNumber.hpp in Sources */,
				DF870B0D2AF33E9E001A9589 /* ValidParantheses.cpp in Sources */,
				DF1C9F8C2AFC41EB00A76BE5 /* ValidParantheses.hpp in Sources */,
				DF1C9F8B2AF5544800A76BE5 /* RemoveDuplicatesFromSortedArray.cpp in Sources */,
				DF1C9F8D2AFC41EB00A76BE5 /* RemoveDuplicatesFromSortedArray.hpp in Sources */,
			);
			runOnlyForDeploymentPostprocessing = 0;
		};
/* End PBXSourcesBuildPhase section */

/* Begin XCBuildConfiguration section */
		DFB236B72AF09A7700B4A835 /* Debug */ = {
			isa = XCBuildConfiguration;
			buildSettings = {
				ALWAYS_SEARCH_USER_PATHS = NO;
				ASSETCATALOG_COMPILER_GENERATE_SWIFT_ASSET_SYMBOL_EXTENSIONS = YES;
				CLANG_ANALYZER_NONNULL = YES;
				CLANG_ANALYZER_NUMBER_OBJECT_CONVERSION = YES_AGGRESSIVE;
				CLANG_CXX_LANGUAGE_STANDARD = "gnu++20";
				CLANG_ENABLE_MODULES = YES;
				CLANG_ENABLE_OBJC_ARC = YES;
				CLANG_ENABLE_OBJC_WEAK = YES;
				CLANG_WARN_BLOCK_CAPTURE_AUTORELEASING = YES;
				CLANG_WARN_BOOL_CONVERSION = YES;
				CLANG_WARN_COMMA = YES;
				CLANG_WARN_CONSTANT_CONVERSION = YES;
				CLANG_WARN_DEPRECATED_OBJC_IMPLEMENTATIONS = YES;
				CLANG_WARN_DIRECT_OBJC_ISA_USAGE = YES_ERROR;
				CLANG_WARN_DOCUMENTATION_COMMENTS = YES;
				CLANG_WARN_EMPTY_BODY = YES;
				CLANG_WARN_ENUM_CONVERSION = YES;
				CLANG_WARN_INFINITE_RECURSION = YES;
				CLANG_WARN_INT_CONVERSION = YES;
				CLANG_WARN_NON_LITERAL_NULL_CONVERSION = YES;
				CLANG_WARN_OBJC_IMPLICIT_RETAIN_SELF = YES;
				CLANG_WARN_OBJC_LITERAL_CONVERSION = YES;
				CLANG_WARN_OBJC_ROOT_CLASS = YES_ERROR;
				CLANG_WARN_QUOTED_INCLUDE_IN_FRAMEWORK_HEADER = YES;
				CLANG_WARN_RANGE_LOOP_ANALYSIS = YES;
				CLANG_WARN_STRICT_PROTOTYPES = YES;
				CLANG_WARN_SUSPICIOUS_MOVE = YES;
				CLANG_WARN_UNGUARDED_AVAILABILITY = YES_AGGRESSIVE;
				CLANG_WARN_UNREACHABLE_CODE = YES;
				CLANG_WARN__DUPLICATE_METHOD_MATCH = YES;
				COPY_PHASE_STRIP = NO;
				DEAD_CODE_STRIPPING = YES;
				DEBUG_INFORMATION_FORMAT = dwarf;
				ENABLE_STRICT_OBJC_MSGSEND = YES;
				ENABLE_TESTABILITY = YES;
				ENABLE_USER_SCRIPT_SANDBOXING = YES;
				GCC_C_LANGUAGE_STANDARD = gnu17;
				GCC_DYNAMIC_NO_PIC = NO;
				GCC_NO_COMMON_BLOCKS = YES;
				GCC_OPTIMIZATION_LEVEL = 0;
				GCC_PREPROCESSOR_DEFINITIONS = (
					"DEBUG=1",
					"$(inherited)",
				);
				GCC_WARN_64_TO_32_BIT_CONVERSION = YES;
				GCC_WARN_ABOUT_RETURN_TYPE = YES_ERROR;
				GCC_WARN_UNDECLARED_SELECTOR = YES;
				GCC_WARN_UNINITIALIZED_AUTOS = YES_AGGRESSIVE;
				GCC_WARN_UNUSED_FUNCTION = YES;
				GCC_WARN_UNUSED_VARIABLE = YES;
				LOCALIZATION_PREFERS_STRING_CATALOGS = YES;
				MACOSX_DEPLOYMENT_TARGET = 14.0;
				MTL_ENABLE_DEBUG_INFO = INCLUDE_SOURCE;
				MTL_FAST_MATH = YES;
				ONLY_ACTIVE_ARCH = YES;
				SDKROOT = macosx;
			};
			name = Debug;
		};
		DFB236B82AF09A7700B4A835 /* Release */ = {
			isa = XCBuildConfiguration;
			buildSettings = {
				ALWAYS_SEARCH_USER_PATHS = NO;
				ASSETCATALOG_COMPILER_GENERATE_SWIFT_ASSET_SYMBOL_EXTENSIONS = YES;
				CLANG_ANALYZER_NONNULL = YES;
				CLANG_ANALYZER_NUMBER_OBJECT_CONVERSION = YES_AGGRESSIVE;
				CLANG_CXX_LANGUAGE_STANDARD = "gnu++20";
				CLANG_ENABLE_MODULES = YES;
				CLANG_ENABLE_OBJC_ARC = YES;
				CLANG_ENABLE_OBJC_WEAK = YES;
				CLANG_WARN_BLOCK_CAPTURE_AUTORELEASING = YES;
				CLANG_WARN_BOOL_CONVERSION = YES;
				CLANG_WARN_COMMA = YES;
				CLANG_WARN_CONSTANT_CONVERSION = YES;
				CLANG_WARN_DEPRECATED_OBJC_IMPLEMENTATIONS = YES;
				CLANG_WARN_DIRECT_OBJC_ISA_USAGE = YES_ERROR;
				CLANG_WARN_DOCUMENTATION_COMMENTS = YES;
				CLANG_WARN_EMPTY_BODY = YES;
				CLANG_WARN_ENUM_CONVERSION = YES;
				CLANG_WARN_INFINITE_RECURSION = YES;
				CLANG_WARN_INT_CONVERSION = YES;
				CLANG_WARN_NON_LITERAL_NULL_CONVERSION = YES;
				CLANG_WARN_OBJC_IMPLICIT_RETAIN_SELF = YES;
				CLANG_WARN_OBJC_LITERAL_CONVERSION = YES;
				CLANG_WARN_OBJC_ROOT_CLASS = YES_ERROR;
				CLANG_WARN_QUOTED_INCLUDE_IN_FRAMEWORK_HEADER = YES;
				CLANG_WARN_RANGE_LOOP_ANALYSIS = YES;
				CLANG_WARN_STRICT_PROTOTYPES = YES;
				CLANG_WARN_SUSPICIOUS_MOVE = YES;
				CLANG_WARN_UNGUARDED_AVAILABILITY = YES_AGGRESSIVE;
				CLANG_WARN_UNREACHABLE_CODE = YES;
				CLANG_WARN__DUPLICATE_METHOD_MATCH = YES;
				COPY_PHASE_STRIP = NO;
				DEAD_CODE_STRIPPING = YES;
				DEBUG_INFORMATION_FORMAT = "dwarf-with-dsym";
				ENABLE_NS_ASSERTIONS = NO;
				ENABLE_STRICT_OBJC_MSGSEND = YES;
				ENABLE_USER_SCRIPT_SANDBOXING = YES;
				GCC_C_LANGUAGE_STANDARD = gnu17;
				GCC_NO_COMMON_BLOCKS = YES;
				GCC_WARN_64_TO_32_BIT_CONVERSION = YES;
				GCC_WARN_ABOUT_RETURN_TYPE = YES_ERROR;
				GCC_WARN_UNDECLARED_SELECTOR = YES;
				GCC_WARN_UNINITIALIZED_AUTOS = YES_AGGRESSIVE;
				GCC_WARN_UNUSED_FUNCTION = YES;
				GCC_WARN_UNUSED_VARIABLE = YES;
				LOCALIZATION_PREFERS_STRING_CATALOGS = YES;
				MACOSX_DEPLOYMENT_TARGET = 14.0;
				MTL_ENABLE_DEBUG_INFO = NO;
				MTL_FAST_MATH = YES;
				SDKROOT = macosx;
			};
			name = Release;
		};
		DFB236BA2AF09A7700B4A835 /* Debug */ = {
			isa = XCBuildConfiguration;
			buildSettings = {
				CODE_SIGN_STYLE = Automatic;
				DEAD_CODE_STRIPPING = YES;
				PRODUCT_NAME = "$(TARGET_NAME)";
			};
			name = Debug;
		};
		DFB236BB2AF09A7700B4A835 /* Release */ = {
			isa = XCBuildConfiguration;
			buildSettings = {
				CODE_SIGN_STYLE = Automatic;
				DEAD_CODE_STRIPPING = YES;
				PRODUCT_NAME = "$(TARGET_NAME)";
			};
			name = Release;
		};
/* End XCBuildConfiguration section */

/* Begin XCConfigurationList section */
		DFB236AD2AF09A7700B4A835 /* Build configuration list for PBXProject "LeetCode" */ = {
			isa = XCConfigurationList;
			buildConfigurations = (
				DFB236B72AF09A7700B4A835 /* Debug */,
				DFB236B82AF09A7700B4A835 /* Release */,
			);
			defaultConfigurationIsVisible = 0;
			defaultConfigurationName = Release;
		};
		DFB236B92AF09A7700B4A835 /* Build configuration list for PBXNativeTarget "LeetCode" */ = {
			isa = XCConfigurationList;
			buildConfigurations = (
				DFB236BA2AF09A7700B4A835 /* Debug */,
				DFB236BB2AF09A7700B4A835 /* Release */,
			);
			defaultConfigurationIsVisible = 0;
			defaultConfigurationName = Release;
		};
/* End XCConfigurationList section */
	};
	rootObject = DFB236AA2AF09A7700B4A835 /* Project object */;
}
